<Solution>
  <Folder Name="/src/">
    <Project Path="src/TaskService.Api/TaskService.Api.csproj" />
    <Project Path="src/TaskService.Application/TaskService.Application.csproj" />
    <Project Path="src/TaskService.Domain/TaskService.Domain.csproj" />
    <Project Path="src/TaskService.Infrastructure/TaskService.Infrastructure.csproj" />
  </Folder>
</Solution>
